
Microsoft Visual Studio Solution File, Format Version 12.00
# Visual Studio Version 16
VisualStudioVersion = 16.0.30611.23
MinimumVisualStudioVersion = 10.0.40219.1
Project("{FAE04EC0-301F-11D3-BF4B-00C04F79EFBC}") = "proyecto2", "proyecto2\proyecto2.csproj", "{73B6258D-C20F-49C5-ACC1-13CA21A12956}"
EndProject
Project("{FAE04EC0-301F-11D3-BF4B-00C04F79EFBC}") = "proyecto2_1", "proyecto2_1\proyecto2_1.csproj", "{5A0DEAB8-A496-49BE-81A8-AA15F2B61926}"
EndProject
Global
	GlobalSection(SolutionConfigurationPlatforms) = preSolution
		Debug|Any CPU = Debug|Any CPU
		Release|Any CPU = Release|Any CPU
	EndGlobalSection
	GlobalSection(ProjectConfigurationPlatforms) = postSolution
		{73B6258D-C20F-49C5-ACC1-13CA21A12956}.Debug|Any CPU.ActiveCfg = Debug|Any CPU
		{73B6258D-C20F-49C5-ACC1-13CA21A12956}.Debug|Any CPU.Build.0 = Debug|Any CPU
		{73B6258D-C20F-49C5-ACC1-13CA21A12956}.Release|Any CPU.ActiveCfg = Release|Any CPU
		{73B6258D-C20F-49C5-ACC1-13CA21A12956}.Release|Any CPU.Build.0 = Release|Any CPU
		{5A0DEAB8-A496-49BE-81A8-AA15F2B61926}.Debug|Any CPU.ActiveCfg = Debug|Any CPU
		{5A0DEAB8-A496-49BE-81A8-AA15F2B61926}.Debug|Any CPU.Build.0 = Debug|Any CPU
		{5A0DEAB8-A496-49BE-81A8-AA15F2B61926}.Release|Any CPU.ActiveCfg = Release|Any CPU
		{5A0DEAB8-A496-49BE-81A8-AA15F2B61926}.Release|Any CPU.Build.0 = Release|Any CPU
	EndGlobalSection
	GlobalSection(SolutionProperties) = preSolution
		HideSolutionNode = FALSE
	EndGlobalSection
	GlobalSection(ExtensibilityGlobals) = postSolution
		SolutionGuid = {A4AE679A-E4ED-4896-9700-F160D7ED95EF}
	EndGlobalSection
EndGlobal
